
Microsoft Visual Studio Solution File, Format Version 12.00
# Visual Studio 14
VisualStudioVersion = 14.0.25420.1
MinimumVisualStudioVersion = 10.0.40219.1
Project("{8BB2217D-0F2D-49D1-97BC-3654ED321F3B}") = "TraefikCone", "TraefikCone.xproj", "{77707570-903C-4C63-BA89-E6ECF6924EA2}"
EndProject
Project("{8BB2217D-0F2D-49D1-97BC-3654ED321F3B}") = "Test", "..\Test\Test.xproj", "{9B08B406-B898-4AB0-B653-F36D7DAF0D0C}"
EndProject
Global
	GlobalSection(SolutionConfigurationPlatforms) = preSolution
		Debug|Any CPU = Debug|Any CPU
		Release|Any CPU = Release|Any CPU
	EndGlobalSection
	GlobalSection(ProjectConfigurationPlatforms) = postSolution
		{77707570-903C-4C63-BA89-E6ECF6924EA2}.Debug|Any CPU.ActiveCfg = Debug|Any CPU
		{77707570-903C-4C63-BA89-E6ECF6924EA2}.Debug|Any CPU.Build.0 = Debug|Any CPU
		{77707570-903C-4C63-BA89-E6ECF6924EA2}.Release|Any CPU.ActiveCfg = Release|Any CPU
		{77707570-903C-4C63-BA89-E6ECF6924EA2}.Release|Any CPU.Build.0 = Release|Any CPU
		{9B08B406-B898-4AB0-B653-F36D7DAF0D0C}.Debug|Any CPU.ActiveCfg = Debug|Any CPU
		{9B08B406-B898-4AB0-B653-F36D7DAF0D0C}.Debug|Any CPU.Build.0 = Debug|Any CPU
		{9B08B406-B898-4AB0-B653-F36D7DAF0D0C}.Release|Any CPU.ActiveCfg = Release|Any CPU
		{9B08B406-B898-4AB0-B653-F36D7DAF0D0C}.Release|Any CPU.Build.0 = Release|Any CPU
	EndGlobalSection
	GlobalSection(SolutionProperties) = preSolution
		HideSolutionNode = FALSE
	EndGlobalSection
EndGlobal
